// !$*UTF8*$!
{
	archiveVersion = 1;
	classes = {
	};
	objectVersion = 46;
	objects = {

/* Begin PBXBuildFile section */
		348CC4F91835DE9300523911 /* AudioController.m in Sources */ = {isa = PBXBuildFile; fileRef = 348CC4F81835DE9300523911 /* AudioController.m */; };
		349BCCEF180BDB5500930168 /* Foundation.framework in Frameworks */ = {isa = PBXBuildFile; fileRef = 349BCCEE180BDB5500930168 /* Foundation.framework */; };
		349BCCF1180BDB5500930168 /* CoreGraphics.framework in Frameworks */ = {isa = PBXBuildFile; fileRef = 349BCCF0180BDB5500930168 /* CoreGraphics.framework */; };
		349BCCF3180BDB5500930168 /* UIKit.framework in Frameworks */ = {isa = PBXBuildFile; fileRef = 349BCCF2180BDB5500930168 /* UIKit.framework */; };
		349BCCF9180BDB5500930168 /* InfoPlist.strings in Resources */ = {isa = PBXBuildFile; fileRef = 349BCCF7180BDB5500930168 /* InfoPlist.strings */; };
		349BCCFB180BDB5500930168 /* main.m in Sources */ = {isa = PBXBuildFile; fileRef = 349BCCFA180BDB5500930168 /* main.m */; };
		349BCCFF180BDB5500930168 /* AppDelegate.m in Sources */ = {isa = PBXBuildFile; fileRef = 349BCCFE180BDB5500930168 /* AppDelegate.m */; };
		349BCD02180BDB5500930168 /* Main.storyboard in Resources */ = {isa = PBXBuildFile; fileRef = 349BCD00180BDB5500930168 /* Main.storyboard */; };
		349BCD05180BDB5500930168 /* ViewController.m in Sources */ = {isa = PBXBuildFile; fileRef = 349BCD04180BDB5500930168 /* ViewController.m */; };
		349BCD07180BDB5500930168 /* Images.xcassets in Resources */ = {isa = PBXBuildFile; fileRef = 349BCD06180BDB5500930168 /* Images.xcassets */; };
		349BCD0E180BDB5500930168 /* XCTest.framework in Frameworks */ = {isa = PBXBuildFile; fileRef = 349BCD0D180BDB5500930168 /* XCTest.framework */; };
		349BCD0F180BDB5500930168 /* Foundation.framework in Frameworks */ = {isa = PBXBuildFile; fileRef = 349BCCEE180BDB5500930168 /* Foundation.framework */; };
		349BCD10180BDB5500930168 /* UIKit.framework in Frameworks */ = {isa = PBXBuildFile; fileRef = 349BCCF2180BDB5500930168 /* UIKit.framework */; };
		349BCD18180BDB5500930168 /* InfoPlist.strings in Resources */ = {isa = PBXBuildFile; fileRef = 349BCD16180BDB5500930168 /* InfoPlist.strings */; };
		349BCD1A180BDB5500930168 /* AUCallbackTests.m in Sources */ = {isa = PBXBuildFile; fileRef = 349BCD19180BDB5500930168 /* AUCallbackTests.m */; };
		349BCD26180BDBF700930168 /* AVFoundation.framework in Frameworks */ = {isa = PBXBuildFile; fileRef = 349BCD25180BDBF700930168 /* AVFoundation.framework */; };
/* End PBXBuildFile section */

/* Begin PBXContainerItemProxy section */
		349BCD11180BDB5500930168 /* PBXContainerItemProxy */ = {
			isa = PBXContainerItemProxy;
			containerPortal = 349BCCE3180BDB5500930168 /* Project object */;
			proxyType = 1;
			remoteGlobalIDString = 349BCCEA180BDB5500930168;
			remoteInfo = AUCallback;
		};
/* End PBXContainerItemProxy section */

/* Begin PBXFileReference section */
		348CC4F71835DE9300523911 /* AudioController.h */ = {isa = PBXFileReference; fileEncoding = 4; lastKnownFileType = sourcecode.c.h; path = AudioController.h; sourceTree = "<group>"; };
		348CC4F81835DE9300523911 /* AudioController.m */ = {isa = PBXFileReference; fileEncoding = 4; lastKnownFileType = sourcecode.c.objc; path = AudioController.m; sourceTree = "<group>"; };
		349BCCEB180BDB5500930168 /* AUCallback.app */ = {isa = PBXFileReference; explicitFileType = wrapper.application; includeInIndex = 0; path = AUCallback.app; sourceTree = BUILT_PRODUCTS_DIR; };
		349BCCEE180BDB5500930168 /* Foundation.framework */ = {isa = PBXFileReference; lastKnownFileType = wrapper.framework; name = Foundation.framework; path = System/Library/Frameworks/Foundation.framework; sourceTree = SDKROOT; };
		349BCCF0180BDB5500930168 /* CoreGraphics.framework */ = {isa = PBXFileReference; lastKnownFileType = wrapper.framework; name = CoreGraphics.framework; path = System/Library/Frameworks/CoreGraphics.framework; sourceTree = SDKROOT; };
		349BCCF2180BDB5500930168 /* UIKit.framework */ = {isa = PBXFileReference; lastKnownFileType = wrapper.framework; name = UIKit.framework; path = System/Library/Frameworks/UIKit.framework; sourceTree = SDKROOT; };
		349BCCF6180BDB5500930168 /* AUCallback-Info.plist */ = {isa = PBXFileReference; lastKnownFileType = text.plist.xml; path = "AUCallback-Info.plist"; sourceTree = "<group>"; };
		349BCCF8180BDB5500930168 /* en */ = {isa = PBXFileReference; lastKnownFileType = text.plist.strings; name = en; path = en.lproj/InfoPlist.strings; sourceTree = "<group>"; };
		349BCCFA180BDB5500930168 /* main.m */ = {isa = PBXFileReference; lastKnownFileType = sourcecode.c.objc; path = main.m; sourceTree = "<group>"; };
		349BCCFC180BDB5500930168 /* AUCallback-Prefix.pch */ = {isa = PBXFileReference; lastKnownFileType = sourcecode.c.h; path = "AUCallback-Prefix.pch"; sourceTree = "<group>"; };
		349BCCFD180BDB5500930168 /* AppDelegate.h */ = {isa = PBXFileReference; lastKnownFileType = sourcecode.c.h; path = AppDelegate.h; sourceTree = "<group>"; };
		349BCCFE180BDB5500930168 /* AppDelegate.m */ = {isa = PBXFileReference; lastKnownFileType = sourcecode.c.objc; path = AppDelegate.m; sourceTree = "<group>"; };
		349BCD01180BDB5500930168 /* Base */ = {isa = PBXFileReference; lastKnownFileType = file.storyboard; name = Base; path = Base.lproj/Main.storyboard; sourceTree = "<group>"; };
		349BCD03180BDB5500930168 /* ViewController.h */ = {isa = PBXFileReference; lastKnownFileType = sourcecode.c.h; path = ViewController.h; sourceTree = "<group>"; };
		349BCD04180BDB5500930168 /* ViewController.m */ = {isa = PBXFileReference; lastKnownFileType = sourcecode.c.objc; path = ViewController.m; sourceTree = "<group>"; };
		349BCD06180BDB5500930168 /* Images.xcassets */ = {isa = PBXFileReference; lastKnownFileType = folder.assetcatalog; path = Images.xcassets; sourceTree = "<group>"; };
		349BCD0C180BDB5500930168 /* AUCallbackTests.xctest */ = {isa = PBXFileReference; explicitFileType = wrapper.cfbundle; includeInIndex = 0; path = AUCallbackTests.xctest; sourceTree = BUILT_PRODUCTS_DIR; };
		349BCD0D180BDB5500930168 /* XCTest.framework */ = {isa = PBXFileReference; lastKnownFileType = wrapper.framework; name = XCTest.framework; path = Library/Frameworks/XCTest.framework; sourceTree = DEVELOPER_DIR; };
		349BCD15180BDB5500930168 /* AUCallbackTests-Info.plist */ = {isa = PBXFileReference; lastKnownFileType = text.plist.xml; path = "AUCallbackTests-Info.plist"; sourceTree = "<group>"; };
		349BCD17180BDB5500930168 /* en */ = {isa = PBXFileReference; lastKnownFileType = text.plist.strings; name = en; path = en.lproj/InfoPlist.strings; sourceTree = "<group>"; };
		349BCD19180BDB5500930168 /* AUCallbackTests.m */ = {isa = PBXFileReference; lastKnownFileType = sourcecode.c.objc; path = AUCallbackTests.m; sourceTree = "<group>"; };
		349BCD23180BDBEE00930168 /* AudioUnit.framework */ = {isa = PBXFileReference; lastKnownFileType = wrapper.framework; name = AudioUnit.framework; path = System/Library/Frameworks/AudioUnit.framework; sourceTree = SDKROOT; };
		349BCD25180BDBF700930168 /* AVFoundation.framework */ = {isa = PBXFileReference; lastKnownFileType = wrapper.framework; name = AVFoundation.framework; path = System/Library/Frameworks/AVFoundation.framework; sourceTree = SDKROOT; };
/* End PBXFileReference section */

/* Begin PBXFrameworksBuildPhase section */
		349BCCE8180BDB5500930168 /* Frameworks */ = {
			isa = PBXFrameworksBuildPhase;
			buildActionMask = 2147483647;
			files = (
				349BCD26180BDBF700930168 /* AVFoundation.framework in Frameworks */,
				349BCCF1180BDB5500930168 /* CoreGraphics.framework in Frameworks */,
				349BCCF3180BDB5500930168 /* UIKit.framework in Frameworks */,
				349BCCEF180BDB5500930168 /* Foundation.framework in Frameworks */,
			);
			runOnlyForDeploymentPostprocessing = 0;
		};
		349BCD09180BDB5500930168 /* Frameworks */ = {
			isa = PBXFrameworksBuildPhase;
			buildActionMask = 2147483647;
			files = (
				349BCD0E180BDB5500930168 /* XCTest.framework in Frameworks */,
				349BCD10180BDB5500930168 /* UIKit.framework in Frameworks */,
				349BCD0F180BDB5500930168 /* Foundation.framework in Frameworks */,
			);
			runOnlyForDeploymentPostprocessing = 0;
		};
/* End PBXFrameworksBuildPhase section */

/* Begin PBXGroup section */
		349BCCE2180BDB5500930168 = {
			isa = PBXGroup;
			children = (
				349BCCF4180BDB5500930168 /* AUCallback */,
				349BCD13180BDB5500930168 /* AUCallbackTests */,
				349BCCED180BDB5500930168 /* Frameworks */,
				349BCCEC180BDB5500930168 /* Products */,
			);
			sourceTree = "<group>";
		};
		349BCCEC180BDB5500930168 /* Products */ = {
			isa = PBXGroup;
			children = (
				349BCCEB180BDB5500930168 /* AUCallback.app */,
				349BCD0C180BDB5500930168 /* AUCallbackTests.xctest */,
			);
			name = Products;
			sourceTree = "<group>";
		};
		349BCCED180BDB5500930168 /* Frameworks */ = {
			isa = PBXGroup;
			children = (
				349BCD25180BDBF700930168 /* AVFoundation.framework */,
				349BCD23180BDBEE00930168 /* AudioUnit.framework */,
				349BCCEE180BDB5500930168 /* Foundation.framework */,
				349BCCF0180BDB5500930168 /* CoreGraphics.framework */,
				349BCCF2180BDB5500930168 /* UIKit.framework */,
				349BCD0D180BDB5500930168 /* XCTest.framework */,
			);
			name = Frameworks;
			sourceTree = "<group>";
		};
		349BCCF4180BDB5500930168 /* AUCallback */ = {
			isa = PBXGroup;
			children = (
				349BCCFD180BDB5500930168 /* AppDelegate.h */,
				349BCCFE180BDB5500930168 /* AppDelegate.m */,
				349BCD00180BDB5500930168 /* Main.storyboard */,
				349BCD03180BDB5500930168 /* ViewController.h */,
				349BCD04180BDB5500930168 /* ViewController.m */,
				349BCD06180BDB5500930168 /* Images.xcassets */,
				349BCCF5180BDB5500930168 /* Supporting Files */,
				348CC4F71835DE9300523911 /* AudioController.h */,
				348CC4F81835DE9300523911 /* AudioController.m */,
			);
			path = AUCallback;
			sourceTree = "<group>";
		};
		349BCCF5180BDB5500930168 /* Supporting Files */ = {
			isa = PBXGroup;
			children = (
				349BCCF6180BDB5500930168 /* AUCallback-Info.plist */,
				349BCCF7180BDB5500930168 /* InfoPlist.strings */,
				349BCCFA180BDB5500930168 /* main.m */,
				349BCCFC180BDB5500930168 /* AUCallback-Prefix.pch */,
			);
			name = "Supporting Files";
			sourceTree = "<group>";
		};
		349BCD13180BDB5500930168 /* AUCallbackTests */ = {
			isa = PBXGroup;
			children = (
				349BCD19180BDB5500930168 /* AUCallbackTests.m */,
				349BCD14180BDB5500930168 /* Supporting Files */,
			);
			path = AUCallbackTests;
			sourceTree = "<group>";
		};
		349BCD14180BDB5500930168 /* Supporting Files */ = {
			isa = PBXGroup;
			children = (
				349BCD15180BDB5500930168 /* AUCallbackTests-Info.plist */,
				349BCD16180BDB5500930168 /* InfoPlist.strings */,
			);
			name = "Supporting Files";
			sourceTree = "<group>";
		};
/* End PBXGroup section */

/* Begin PBXNativeTarget section */
		349BCCEA180BDB5500930168 /* AUCallback */ = {
			isa = PBXNativeTarget;
			buildConfigurationList = 349BCD1D180BDB5500930168 /* Build configuration list for PBXNativeTarget "AUCallback" */;
			buildPhases = (
				349BCCE7180BDB5500930168 /* Sources */,
				349BCCE8180BDB5500930168 /* Frameworks */,
				349BCCE9180BDB5500930168 /* Resources */,
			);
			buildRules = (
			);
			dependencies = (
			);
			name = AUCallback;
			productName = AUCallback;
			productReference = 349BCCEB180BDB5500930168 /* AUCallback.app */;
			productType = "com.apple.product-type.application";
		};
		349BCD0B180BDB5500930168 /* AUCallbackTests */ = {
			isa = PBXNativeTarget;
			buildConfigurationList = 349BCD20180BDB5500930168 /* Build configuration list for PBXNativeTarget "AUCallbackTests" */;
			buildPhases = (
				349BCD08180BDB5500930168 /* Sources */,
				349BCD09180BDB5500930168 /* Frameworks */,
				349BCD0A180BDB5500930168 /* Resources */,
			);
			buildRules = (
			);
			dependencies = (
				349BCD12180BDB5500930168 /* PBXTargetDependency */,
			);
			name = AUCallbackTests;
			productName = AUCallbackTests;
			productReference = 349BCD0C180BDB5500930168 /* AUCallbackTests.xctest */;
			productType = "com.apple.product-type.bundle.unit-test";
		};
/* End PBXNativeTarget section */

/* Begin PBXProject section */
		349BCCE3180BDB5500930168 /* Project object */ = {
			isa = PBXProject;
			attributes = {
				LastUpgradeCheck = 0500;
				ORGANIZATIONNAME = "Chinh Nguyen";
				TargetAttributes = {
					349BCD0B180BDB5500930168 = {
						TestTargetID = 349BCCEA180BDB5500930168;
					};
				};
			};
			buildConfigurationList = 349BCCE6180BDB5500930168 /* Build configuration list for PBXProject "AUCallback" */;
			compatibilityVersion = "Xcode 3.2";
			developmentRegion = English;
			hasScannedForEncodings = 0;
			knownRegions = (
				en,
				Base,
			);
			mainGroup = 349BCCE2180BDB5500930168;
			productRefGroup = 349BCCEC180BDB5500930168 /* Products */;
			projectDirPath = "";
			projectRoot = "";
			targets = (
				349BCCEA180BDB5500930168 /* AUCallback */,
				349BCD0B180BDB5500930168 /* AUCallbackTests */,
			);
		};
/* End PBXProject section */

/* Begin PBXResourcesBuildPhase section */
		349BCCE9180BDB5500930168 /* Resources */ = {
			isa = PBXResourcesBuildPhase;
			buildActionMask = 2147483647;
			files = (
				349BCD07180BDB5500930168 /* Images.xcassets in Resources */,
				349BCCF9180BDB5500930168 /* InfoPlist.strings in Resources */,
				349BCD02180BDB5500930168 /* Main.storyboard in Resources */,
			);
			runOnlyForDeploymentPostprocessing = 0;
		};
		349BCD0A180BDB5500930168 /* Resources */ = {
			isa = PBXResourcesBuildPhase;
			buildActionMask = 2147483647;
			files = (
				349BCD18180BDB5500930168 /* InfoPlist.strings in Resources */,
			);
			runOnlyForDeploymentPostprocessing = 0;
		};
/* End PBXResourcesBuildPhase section */

/* Begin PBXSourcesBuildPhase section */
		349BCCE7180BDB5500930168 /* Sources */ = {
			isa = PBXSourcesBuildPhase;
			buildActionMask = 2147483647;
			files = (
				349BCD05180BDB5500930168 /* ViewController.m in Sources */,
				349BCCFF180BDB5500930168 /* AppDelegate.m in Sources */,
				348CC4F91835DE9300523911 /* AudioController.m in Sources */,
				349BCCFB180BDB5500930168 /* main.m in Sources */,
			);
			runOnlyForDeploymentPostprocessing = 0;
		};
		349BCD08180BDB5500930168 /* Sources */ = {
			isa = PBXSourcesBuildPhase;
			buildActionMask = 2147483647;
			files = (
				349BCD1A180BDB5500930168 /* AUCallbackTests.m in Sources */,
			);
			runOnlyForDeploymentPostprocessing = 0;
		};
/* End PBXSourcesBuildPhase section */

/* Begin PBXTargetDependency section */
		349BCD12180BDB5500930168 /* PBXTargetDependency */ = {
			isa = PBXTargetDependency;
			target = 349BCCEA180BDB5500930168 /* AUCallback */;
			targetProxy = 349BCD11180BDB5500930168 /* PBXContainerItemProxy */;
		};
/* End PBXTargetDependency section */

/* Begin PBXVariantGroup section */
		349BCCF7180BDB5500930168 /* InfoPlist.strings */ = {
			isa = PBXVariantGroup;
			children = (
				349BCCF8180BDB5500930168 /* en */,
			);
			name = InfoPlist.strings;
			sourceTree = "<group>";
		};
		349BCD00180BDB5500930168 /* Main.storyboard */ = {
			isa = PBXVariantGroup;
			children = (
				349BCD01180BDB5500930168 /* Base */,
			);
			name = Main.storyboard;
			sourceTree = "<group>";
		};
		349BCD16180BDB5500930168 /* InfoPlist.strings */ = {
			isa = PBXVariantGroup;
			children = (
				349BCD17180BDB5500930168 /* en */,
			);
			name = InfoPlist.strings;
			sourceTree = "<group>";
		};
/* End PBXVariantGroup section */

/* Begin XCBuildConfiguration section */
		349BCD1B180BDB5500930168 /* Debug */ = {
			isa = XCBuildConfiguration;
			buildSettings = {
				ALWAYS_SEARCH_USER_PATHS = NO;
				ARCHS = "$(ARCHS_STANDARD_INCLUDING_64_BIT)";
				CLANG_CXX_LANGUAGE_STANDARD = "gnu++0x";
				CLANG_CXX_LIBRARY = "libc++";
				CLANG_ENABLE_MODULES = YES;
				CLANG_ENABLE_OBJC_ARC = YES;
				CLANG_WARN_BOOL_CONVERSION = YES;
				CLANG_WARN_CONSTANT_CONVERSION = YES;
				CLANG_WARN_DIRECT_OBJC_ISA_USAGE = YES_ERROR;
				CLANG_WARN_EMPTY_BODY = YES;
				CLANG_WARN_ENUM_CONVERSION = YES;
				CLANG_WARN_INT_CONVERSION = YES;
				CLANG_WARN_OBJC_ROOT_CLASS = YES_ERROR;
				CLANG_WARN__DUPLICATE_METHOD_MATCH = YES;
				"CODE_SIGN_IDENTITY[sdk=iphoneos*]" = "iPhone Developer";
				COPY_PHASE_STRIP = NO;
				GCC_C_LANGUAGE_STANDARD = gnu99;
				GCC_DYNAMIC_NO_PIC = NO;
				GCC_OPTIMIZATION_LEVEL = 0;
				GCC_PREPROCESSOR_DEFINITIONS = (
					"DEBUG=1",
					"$(inherited)",
				);
				GCC_SYMBOLS_PRIVATE_EXTERN = NO;
				GCC_WARN_64_TO_32_BIT_CONVERSION = YES;
				GCC_WARN_ABOUT_RETURN_TYPE = YES_ERROR;
				GCC_WARN_UNDECLARED_SELECTOR = YES;
				GCC_WARN_UNINITIALIZED_AUTOS = YES;
				GCC_WARN_UNUSED_FUNCTION = YES;
				GCC_WARN_UNUSED_VARIABLE = YES;
				IPHONEOS_DEPLOYMENT_TARGET = 7.0;
				ONLY_ACTIVE_ARCH = YES;
				SDKROOT = iphoneos;
			};
			name = Debug;
		};
		349BCD1C180BDB5500930168 /* Release */ = {
			isa = XCBuildConfiguration;
			buildSettings = {
				ALWAYS_SEARCH_USER_PATHS = NO;
				ARCHS = "$(ARCHS_STANDARD_INCLUDING_64_BIT)";
				CLANG_CXX_LANGUAGE_STANDARD = "gnu++0x";
				CLANG_CXX_LIBRARY = "libc++";
				CLANG_ENABLE_MODULES = YES;
				CLANG_ENABLE_OBJC_ARC = YES;
				CLANG_WARN_BOOL_CONVERSION = YES;
				CLANG_WARN_CONSTANT_CONVERSION = YES;
				CLANG_WARN_DIRECT_OBJC_ISA_USAGE = YES_ERROR;
				CLANG_WARN_EMPTY_BODY = YES;
				CLANG_WARN_ENUM_CONVERSION = YES;
				CLANG_WARN_INT_CONVERSION = YES;
				CLANG_WARN_OBJC_ROOT_CLASS = YES_ERROR;
				CLANG_WARN__DUPLICATE_METHOD_MATCH = YES;
				"CODE_SIGN_IDENTITY[sdk=iphoneos*]" = "iPhone Developer";
				COPY_PHASE_STRIP = YES;
				ENABLE_NS_ASSERTIONS = NO;
				GCC_C_LANGUAGE_STANDARD = gnu99;
				GCC_WARN_64_TO_32_BIT_CONVERSION = YES;
				GCC_WARN_ABOUT_RETURN_TYPE = YES_ERROR;
				GCC_WARN_UNDECLARED_SELECTOR = YES;
				GCC_WARN_UNINITIALIZED_AUTOS = YES;
				GCC_WARN_UNUSED_FUNCTION = YES;
				GCC_WARN_UNUSED_VARIABLE = YES;
				IPHONEOS_DEPLOYMENT_TARGET = 7.0;
				SDKROOT = iphoneos;
				VALIDATE_PRODUCT = YES;
			};
			name = Release;
		};
		349BCD1E180BDB5500930168 /* Debug */ = {
			isa = XCBuildConfiguration;
			buildSettings = {
				ASSETCATALOG_COMPILER_APPICON_NAME = AppIcon;
				ASSETCATALOG_COMPILER_LAUNCHIMAGE_NAME = LaunchImage;
				GCC_PRECOMPILE_PREFIX_HEADER = YES;
				GCC_PREFIX_HEADER = "AUCallback/AUCallback-Prefix.pch";
				INFOPLIST_FILE = "AUCallback/AUCallback-Info.plist";
				PRODUCT_NAME = "$(TARGET_NAME)";
				WRAPPER_EXTENSION = app;
			};
			name = Debug;
		};
		349BCD1F180BDB5500930168 /* Release */ = {
			isa = XCBuildConfiguration;
			buildSettings = {
				ASSETCATALOG_COMPILER_APPICON_NAME = AppIcon;
				ASSETCATALOG_COMPILER_LAUNCHIMAGE_NAME = LaunchImage;
				GCC_PRECOMPILE_PREFIX_HEADER = YES;
				GCC_PREFIX_HEADER = "AUCallback/AUCallback-Prefix.pch";
				INFOPLIST_FILE = "AUCallback/AUCallback-Info.plist";
				PRODUCT_NAME = "$(TARGET_NAME)";
				WRAPPER_EXTENSION = app;
			};
			name = Release;
		};
		349BCD21180BDB5500930168 /* Debug */ = {
			isa = XCBuildConfiguration;
			buildSettings = {
				ARCHS = "$(ARCHS_STANDARD_INCLUDING_64_BIT)";
				BUNDLE_LOADER = "$(BUILT_PRODUCTS_DIR)/AUCallback.app/AUCallback";
				FRAMEWORK_SEARCH_PATHS = (
					"$(SDKROOT)/Developer/Library/Frameworks",
					"$(inherited)",
					"$(DEVELOPER_FRAMEWORKS_DIR)",
				);
				GCC_PRECOMPILE_PREFIX_HEADER = YES;
				GCC_PREFIX_HEADER = "AUCallback/AUCallback-Prefix.pch";
				GCC_PREPROCESSOR_DEFINITIONS = (
					"DEBUG=1",
					"$(inherited)",
				);
				INFOPLIST_FILE = "AUCallbackTests/AUCallbackTests-Info.plist";
				PRODUCT_NAME = "$(TARGET_NAME)";
				TEST_HOST = "$(BUNDLE_LOADER)";
				WRAPPER_EXTENSION = xctest;
			};
			name = Debug;
		};
		349BCD22180BDB5500930168 /* Release */ = {
			isa = XCBuildConfiguration;
			buildSettings = {
				ARCHS = "$(ARCHS_STANDARD_INCLUDING_64_BIT)";
				BUNDLE_LOADER = "$(BUILT_PRODUCTS_DIR)/AUCallback.app/AUCallback";
				FRAMEWORK_SEARCH_PATHS = (
					"$(SDKROOT)/Developer/Library/Frameworks",
					"$(inherited)",
					"$(DEVELOPER_FRAMEWORKS_DIR)",
				);
				GCC_PRECOMPILE_PREFIX_HEADER = YES;
				GCC_PREFIX_HEADER = "AUCallback/AUCallback-Prefix.pch";
				INFOPLIST_FILE = "AUCallbackTests/AUCallbackTests-Info.plist";
				PRODUCT_NAME = "$(TARGET_NAME)";
				TEST_HOST = "$(BUNDLE_LOADER)";
				WRAPPER_EXTENSION = xctest;
			};
			name = Release;
		};
/* End XCBuildConfiguration section */

/* Begin XCConfigurationList section */
		349BCCE6180BDB5500930168 /* Build configuration list for PBXProject "AUCallback" */ = {
			isa = XCConfigurationList;
			buildConfigurations = (
				349BCD1B180BDB5500930168 /* Debug */,
				349BCD1C180BDB5500930168 /* Release */,
			);
			defaultConfigurationIsVisible = 0;
			defaultConfigurationName = Release;
		};
		349BCD1D180BDB5500930168 /* Build configuration list for PBXNativeTarget "AUCallback" */ = {
			isa = XCConfigurationList;
			buildConfigurations = (
				349BCD1E180BDB5500930168 /* Debug */,
				349BCD1F180BDB5500930168 /* Release */,
			);
			defaultConfigurationIsVisible = 0;
			defaultConfigurationName = Release;
		};
		349BCD20180BDB5500930168 /* Build configuration list for PBXNativeTarget "AUCallbackTests" */ = {
			isa = XCConfigurationList;
			buildConfigurations = (
				349BCD21180BDB5500930168 /* Debug */,
				349BCD22180BDB5500930168 /* Release */,
			);
			defaultConfigurationIsVisible = 0;
			defaultConfigurationName = Release;
		};
/* End XCConfigurationList section */
	};
	rootObject = 349BCCE3180BDB5500930168 /* Project object */;
}
